
Microsoft Visual Studio Solution File, Format Version 12.00
# Visual Studio Version 17
VisualStudioVersion = 17.2.32616.157
MinimumVisualStudioVersion = 10.0.40219.1
Project("{FAE04EC0-301F-11D3-BF4B-00C04F79EFBC}") = "NumberGuessingGame", "NumberGuessingGame.csproj", "{DF8E28A2-A420-46D0-B974-9877123BBB1B}"
EndProject
Global
	GlobalSection(SolutionConfigurationPlatforms) = preSolution
		Debug|Any CPU = Debug|Any CPU
		Release|Any CPU = Release|Any CPU
	EndGlobalSection
	GlobalSection(ProjectConfigurationPlatforms) = postSolution
		{DF8E28A2-A420-46D0-B974-9877123BBB1B}.Debug|Any CPU.ActiveCfg = Debug|Any CPU
		{DF8E28A2-A420-46D0-B974-9877123BBB1B}.Debug|Any CPU.Build.0 = Debug|Any CPU
		{DF8E28A2-A420-46D0-B974-9877123BBB1B}.Release|Any CPU.ActiveCfg = Release|Any CPU
		{DF8E28A2-A420-46D0-B974-9877123BBB1B}.Release|Any CPU.Build.0 = Release|Any CPU
	EndGlobalSection
	GlobalSection(SolutionProperties) = preSolution
		HideSolutionNode = FALSE
	EndGlobalSection
	GlobalSection(ExtensibilityGlobals) = postSolution
		SolutionGuid = {6310B3A9-548E-41EE-8117-345D04772D90}
	EndGlobalSection
EndGlobal
